// !$*UTF8*$!
{
	archiveVersion = 1;
	classes = {
	};
	objectVersion = 55;
	objects = {

/* Begin PBXBuildFile section */
		6B022157271D742700C61593 /* UIView+Extension.swift in Sources */ = {isa = PBXBuildFile; fileRef = 6B022156271D742600C61593 /* UIView+Extension.swift */; };
		6B022159271D74D000C61593 /* UIColor+Extension.swift in Sources */ = {isa = PBXBuildFile; fileRef = 6B022158271D74D000C61593 /* UIColor+Extension.swift */; };
		6B02215B271D752400C61593 /* UIScreen+Extension.swift in Sources */ = {isa = PBXBuildFile; fileRef = 6B02215A271D752400C61593 /* UIScreen+Extension.swift */; };
		6B02215D271D758200C61593 /* UIStoryboard+Extension.swift in Sources */ = {isa = PBXBuildFile; fileRef = 6B02215C271D758200C61593 /* UIStoryboard+Extension.swift */; };
		6B022161271D7AE900C61593 /* RecordViewController.swift in Sources */ = {isa = PBXBuildFile; fileRef = 6B022160271D7AE900C61593 /* RecordViewController.swift */; };
		6B022165271D7B1000C61593 /* ProfileViewController.swift in Sources */ = {isa = PBXBuildFile; fileRef = 6B022164271D7B1000C61593 /* ProfileViewController.swift */; };
		6B02216B271E6D7100C61593 /* StartToWalkPageViewController.swift in Sources */ = {isa = PBXBuildFile; fileRef = 6B02216A271E6D7100C61593 /* StartToWalkPageViewController.swift */; };
		6B02216E271E74C400C61593 /* Position.storyboard in Resources */ = {isa = PBXBuildFile; fileRef = 6B868A5D271D413F00965075 /* Position.storyboard */; };
		6B022170271EC4DF00C61593 /* MapChosenViewController.swift in Sources */ = {isa = PBXBuildFile; fileRef = 6B02216F271EC4DF00C61593 /* MapChosenViewController.swift */; };
		6B022172271ED25100C61593 /* FunnyMapViewController.swift in Sources */ = {isa = PBXBuildFile; fileRef = 6B022171271ED25100C61593 /* FunnyMapViewController.swift */; };
		6B022174271ED54B00C61593 /* FunnyMapTableViewCell.swift in Sources */ = {isa = PBXBuildFile; fileRef = 6B022173271ED54B00C61593 /* FunnyMapTableViewCell.swift */; };
		6B022176271F31FC00C61593 /* GoogleMapsManager.swift in Sources */ = {isa = PBXBuildFile; fileRef = 6B022175271F31FC00C61593 /* GoogleMapsManager.swift */; };
		6B02217A271FC47600C61593 /* ResultsViewController.swift in Sources */ = {isa = PBXBuildFile; fileRef = 6B022179271FC47500C61593 /* ResultsViewController.swift */; };
		6B02217C271FC6DF00C61593 /* GooglePlacesManager.swift in Sources */ = {isa = PBXBuildFile; fileRef = 6B02217B271FC6DF00C61593 /* GooglePlacesManager.swift */; };
		6B0221802720122000C61593 /* FirebaseStruct.swift in Sources */ = {isa = PBXBuildFile; fileRef = 6B02217F2720122000C61593 /* FirebaseStruct.swift */; };
		6B02218227201F6700C61593 /* DataHelper.swift in Sources */ = {isa = PBXBuildFile; fileRef = 6B02218127201F6700C61593 /* DataHelper.swift */; };
		6B02218427215E8A00C61593 /* CountingStepManager.swift in Sources */ = {isa = PBXBuildFile; fileRef = 6B02218327215E8900C61593 /* CountingStepManager.swift */; };
		6B0F3889272920F100F00448 /* KingfisherWrapper.swift in Sources */ = {isa = PBXBuildFile; fileRef = 6B0F3888272920F100F00448 /* KingfisherWrapper.swift */; };
		6B0F3892272952D200F00448 /* MonthChartViewController.swift in Sources */ = {isa = PBXBuildFile; fileRef = 6B0F3891272952D200F00448 /* MonthChartViewController.swift */; };
		6B0F3897272AF67A00F00448 /* profile_lottie.json in Resources */ = {isa = PBXBuildFile; fileRef = 6B0F3896272AF67A00F00448 /* profile_lottie.json */; };
		6B1269CF2731218200833A81 /* PickerTestField.swift in Sources */ = {isa = PBXBuildFile; fileRef = 6B1269CE2731218200833A81 /* PickerTestField.swift */; };
		6B1269D12731734400833A81 /* String+Extension.swift in Sources */ = {isa = PBXBuildFile; fileRef = 6B1269D02731734400833A81 /* String+Extension.swift */; };
		6B1269D72731A8A300833A81 /* KleeOne-Regular.ttf in Resources */ = {isa = PBXBuildFile; fileRef = 6B1269D42731A8A300833A81 /* KleeOne-Regular.ttf */; };
		6B1269D82731A8A300833A81 /* KleeOne-SemiBold.ttf in Resources */ = {isa = PBXBuildFile; fileRef = 6B1269D52731A8A300833A81 /* KleeOne-SemiBold.ttf */; };
		6B1269DA2731ABE100833A81 /* UIFont+Extension.swift in Sources */ = {isa = PBXBuildFile; fileRef = 6B1269D92731ABE100833A81 /* UIFont+Extension.swift */; };
		6B1269DC2732AF4400833A81 /* GoogleArtViewController.swift in Sources */ = {isa = PBXBuildFile; fileRef = 6B1269DB2732AF4300833A81 /* GoogleArtViewController.swift */; };
		6B1699EB2727B44700260D70 /* RecordTableViewCell.swift in Sources */ = {isa = PBXBuildFile; fileRef = 6B1699EA2727B44700260D70 /* RecordTableViewCell.swift */; };
		6B1699ED2727BA3B00260D70 /* UITableViewCell+Extension.swift in Sources */ = {isa = PBXBuildFile; fileRef = 6B1699EC2727BA3B00260D70 /* UITableViewCell+Extension.swift */; };
		6B1699EF2727E51E00260D70 /* DetailRecordViewController.swift in Sources */ = {isa = PBXBuildFile; fileRef = 6B1699EE2727E51E00260D70 /* DetailRecordViewController.swift */; };
		6B227DCC273314D40067E51C /* ShapeMapExample.swift in Sources */ = {isa = PBXBuildFile; fileRef = 6B227DCB273314D40067E51C /* ShapeMapExample.swift */; };
		6B227DD1273416A30067E51C /* User.swift in Sources */ = {isa = PBXBuildFile; fileRef = 6B227DD0273416A30067E51C /* User.swift */; };
		6B227DD3273419EA0067E51C /* UserManager.swift in Sources */ = {isa = PBXBuildFile; fileRef = 6B227DD2273419EA0067E51C /* UserManager.swift */; };
		6B227DD527353BBB0067E51C /* CollectionManager.swift in Sources */ = {isa = PBXBuildFile; fileRef = 6B227DD427353BBB0067E51C /* CollectionManager.swift */; };
		6B227DD727367E140067E51C /* walking_outside.json in Resources */ = {isa = PBXBuildFile; fileRef = 6B227DD627367E110067E51C /* walking_outside.json */; };
		6B227DD92736CA030067E51C /* starry_background.json in Resources */ = {isa = PBXBuildFile; fileRef = 6B227DD82736CA030067E51C /* starry_background.json */; };
		6B23FA012722A1740009DA6E /* RecordManager.swift in Sources */ = {isa = PBXBuildFile; fileRef = 6B23FA002722A1740009DA6E /* RecordManager.swift */; };
		6B38549B274F6C9E00B7B63E /* UIImage+Extenstion.swift in Sources */ = {isa = PBXBuildFile; fileRef = 6B38549A274F6C9E00B7B63E /* UIImage+Extenstion.swift */; };
		6B492DDB272E4D7B0030DAFE /* LoginViewController.swift in Sources */ = {isa = PBXBuildFile; fileRef = 6B492DDA272E4D7B0030DAFE /* LoginViewController.swift */; };
		6B56D7B32745FAA400068E79 /* TimeManager.swift in Sources */ = {isa = PBXBuildFile; fileRef = 6B56D7B22745FAA400068E79 /* TimeManager.swift */; };
		6B56D7B62746411800068E79 /* Gallery.storyboard in Resources */ = {isa = PBXBuildFile; fileRef = 6B56D7B52746411800068E79 /* Gallery.storyboard */; };
		6B56D7B92746448B00068E79 /* GalleryViewController.swift in Sources */ = {isa = PBXBuildFile; fileRef = 6B56D7B82746448B00068E79 /* GalleryViewController.swift */; };
		6B56D7BD27469BAE00068E79 /* BlurViewHelper.swift in Sources */ = {isa = PBXBuildFile; fileRef = 6B56D7BC27469BAD00068E79 /* BlurViewHelper.swift */; };
		6B56D7BF27469E5500068E79 /* PublicPost.swift in Sources */ = {isa = PBXBuildFile; fileRef = 6B56D7BE27469E5500068E79 /* PublicPost.swift */; };
		6B56D7C127469EDA00068E79 /* PublicPostManager.swift in Sources */ = {isa = PBXBuildFile; fileRef = 6B56D7C027469EDA00068E79 /* PublicPostManager.swift */; };
		6B56D7C32746CD5700068E79 /* ZoomInViewController.swift in Sources */ = {isa = PBXBuildFile; fileRef = 6B56D7C22746CD5700068E79 /* ZoomInViewController.swift */; };
		6B56D7C52747549C00068E79 /* EULAViewController.swift in Sources */ = {isa = PBXBuildFile; fileRef = 6B56D7C42747549C00068E79 /* EULAViewController.swift */; };
		6B56D7CB274A2BAC00068E79 /* loading.json in Resources */ = {isa = PBXBuildFile; fileRef = 6B56D7CA274A2BAC00068E79 /* loading.json */; };
		6B56D7CD274E317800068E79 /* UICollectionView+Extension.swift in Sources */ = {isa = PBXBuildFile; fileRef = 6B56D7CC274E317800068E79 /* UICollectionView+Extension.swift */; };
		6B5C09E72737AAB900E10EF5 /* RecordCatagoryViewController.swift in Sources */ = {isa = PBXBuildFile; fileRef = 6B5C09E62737AAB900E10EF5 /* RecordCatagoryViewController.swift */; };
		6B5C09E92737B33300E10EF5 /* ChallengeViewController.swift in Sources */ = {isa = PBXBuildFile; fileRef = 6B5C09E82737B33300E10EF5 /* ChallengeViewController.swift */; };
		6B5C09EB2737B39300E10EF5 /* ChallengeTableViewCell.swift in Sources */ = {isa = PBXBuildFile; fileRef = 6B5C09EA2737B39300E10EF5 /* ChallengeTableViewCell.swift */; };
		6B5C09ED2737C87900E10EF5 /* ChallengeShareViewController.swift in Sources */ = {isa = PBXBuildFile; fileRef = 6B5C09EC2737C87900E10EF5 /* ChallengeShareViewController.swift */; };
		6B5C09EF27383DD700E10EF5 /* SettingViewController.swift in Sources */ = {isa = PBXBuildFile; fileRef = 6B5C09EE27383DD700E10EF5 /* SettingViewController.swift */; };
		6B5C09F1273845AF00E10EF5 /* SettingTableViewCell.swift in Sources */ = {isa = PBXBuildFile; fileRef = 6B5C09F0273845AF00E10EF5 /* SettingTableViewCell.swift */; };
		6B868A23271B18B400965075 /* AppDelegate.swift in Sources */ = {isa = PBXBuildFile; fileRef = 6B868A22271B18B400965075 /* AppDelegate.swift */; };
		6B868A25271B18B400965075 /* SceneDelegate.swift in Sources */ = {isa = PBXBuildFile; fileRef = 6B868A24271B18B400965075 /* SceneDelegate.swift */; };
		6B868A27271B18B400965075 /* TabBarController.swift in Sources */ = {isa = PBXBuildFile; fileRef = 6B868A26271B18B400965075 /* TabBarController.swift */; };
		6B868A2A271B18B400965075 /* Main.storyboard in Resources */ = {isa = PBXBuildFile; fileRef = 6B868A28271B18B400965075 /* Main.storyboard */; };
		6B868A2C271B18B700965075 /* Assets.xcassets in Resources */ = {isa = PBXBuildFile; fileRef = 6B868A2B271B18B700965075 /* Assets.xcassets */; };
		6B868A2F271B18B700965075 /* LaunchScreen.storyboard in Resources */ = {isa = PBXBuildFile; fileRef = 6B868A2D271B18B700965075 /* LaunchScreen.storyboard */; };
		6B868A62271D41AD00965075 /* Record.storyboard in Resources */ = {isa = PBXBuildFile; fileRef = 6B868A61271D41AD00965075 /* Record.storyboard */; };
		6B868A64271D41BA00965075 /* Share.storyboard in Resources */ = {isa = PBXBuildFile; fileRef = 6B868A63271D41BA00965075 /* Share.storyboard */; };
		6B868A66271D41C800965075 /* Profile.storyboard in Resources */ = {isa = PBXBuildFile; fileRef = 6B868A65271D41C800965075 /* Profile.storyboard */; };
		6B868A68271D42C400965075 /* MapSearchingPageViewController.swift in Sources */ = {isa = PBXBuildFile; fileRef = 6B868A67271D42C300965075 /* MapSearchingPageViewController.swift */; };
		6BBFA13B2740A42600C92974 /* GoogleService-Info.plist in Resources */ = {isa = PBXBuildFile; fileRef = 6BBFA13A2740A42600C92974 /* GoogleService-Info.plist */; };
		6BBFA13E2741309C00C92974 /* JGProgressHUDWrapper.swift in Sources */ = {isa = PBXBuildFile; fileRef = 6BBFA13D2741309C00C92974 /* JGProgressHUDWrapper.swift */; };
		6BBFA1402741315F00C92974 /* UIViewController+Extension.swift in Sources */ = {isa = PBXBuildFile; fileRef = 6BBFA13F2741315F00C92974 /* UIViewController+Extension.swift */; };
		6BBFA1422741928200C92974 /* GPSArtTableViewCell.swift in Sources */ = {isa = PBXBuildFile; fileRef = 6BBFA1412741928200C92974 /* GPSArtTableViewCell.swift */; };
		6BBFA14627442BAA00C92974 /* BlockListsCollectionViewCell.swift in Sources */ = {isa = PBXBuildFile; fileRef = 6BBFA14527442BAA00C92974 /* BlockListsCollectionViewCell.swift */; };
		6BF89FAE273CBDA7004B6980 /* PrivacyPolicyViewController.swift in Sources */ = {isa = PBXBuildFile; fileRef = 6BF89FAD273CBDA7004B6980 /* PrivacyPolicyViewController.swift */; };
		6BF89FB0273D8900004B6980 /* UserSearchViewController.swift in Sources */ = {isa = PBXBuildFile; fileRef = 6BF89FAF273D8900004B6980 /* UserSearchViewController.swift */; };
		6BF89FB3273D9293004B6980 /* UserSearchTableViewCell.swift in Sources */ = {isa = PBXBuildFile; fileRef = 6BF89FB2273D9293004B6980 /* UserSearchTableViewCell.swift */; };
		6BF89FB6273E3F02004B6980 /* Invitation.swift in Sources */ = {isa = PBXBuildFile; fileRef = 6BF89FB5273E3F02004B6980 /* Invitation.swift */; };
		6BF89FB8273E3F38004B6980 /* InvitationManager.swift in Sources */ = {isa = PBXBuildFile; fileRef = 6BF89FB7273E3F38004B6980 /* InvitationManager.swift */; };
		6BF89FBB273F7473004B6980 /* InvitationViewController.swift in Sources */ = {isa = PBXBuildFile; fileRef = 6BF89FBA273F7473004B6980 /* InvitationViewController.swift */; };
		6BF89FBD273F7489004B6980 /* FriendListsViewController.swift in Sources */ = {isa = PBXBuildFile; fileRef = 6BF89FBC273F7489004B6980 /* FriendListsViewController.swift */; };
		6BF89FBF273F752F004B6980 /* BlockListsViewController.swift in Sources */ = {isa = PBXBuildFile; fileRef = 6BF89FBE273F752F004B6980 /* BlockListsViewController.swift */; };
		6BF89FC1273F7CAD004B6980 /* InvitedTableViewCell.swift in Sources */ = {isa = PBXBuildFile; fileRef = 6BF89FC0273F7CAD004B6980 /* InvitedTableViewCell.swift */; };
		6BF89FC5274005B9004B6980 /* FriendListsCollectionViewCell.swift in Sources */ = {isa = PBXBuildFile; fileRef = 6BF89FC4274005B8004B6980 /* FriendListsCollectionViewCell.swift */; };
		BD5C51B6805E09B0BB91748D /* Pods_WalkJourney.framework in Frameworks */ = {isa = PBXBuildFile; fileRef = 828E02F71BC80C53CDC91B32 /* Pods_WalkJourney.framework */; };
/* End PBXBuildFile section */

/* Begin PBXFileReference section */
		36E1FDEA40CA09B214B4C5C7 /* Pods-WalkJourney.debug.xcconfig */ = {isa = PBXFileReference; includeInIndex = 1; lastKnownFileType = text.xcconfig; name = "Pods-WalkJourney.debug.xcconfig"; path = "Target Support Files/Pods-WalkJourney/Pods-WalkJourney.debug.xcconfig"; sourceTree = "<group>"; };
		526FB63C1D4621006C9AB735 /* Pods-WalkJourney.release.xcconfig */ = {isa = PBXFileReference; includeInIndex = 1; lastKnownFileType = text.xcconfig; name = "Pods-WalkJourney.release.xcconfig"; path = "Target Support Files/Pods-WalkJourney/Pods-WalkJourney.release.xcconfig"; sourceTree = "<group>"; };
		6B022156271D742600C61593 /* UIView+Extension.swift */ = {isa = PBXFileReference; lastKnownFileType = sourcecode.swift; path = "UIView+Extension.swift"; sourceTree = "<group>"; };
		6B022158271D74D000C61593 /* UIColor+Extension.swift */ = {isa = PBXFileReference; lastKnownFileType = sourcecode.swift; path = "UIColor+Extension.swift"; sourceTree = "<group>"; };
		6B02215A271D752400C61593 /* UIScreen+Extension.swift */ = {isa = PBXFileReference; lastKnownFileType = sourcecode.swift; path = "UIScreen+Extension.swift"; sourceTree = "<group>"; };
		6B02215C271D758200C61593 /* UIStoryboard+Extension.swift */ = {isa = PBXFileReference; lastKnownFileType = sourcecode.swift; path = "UIStoryboard+Extension.swift"; sourceTree = "<group>"; };
		6B022160271D7AE900C61593 /* RecordViewController.swift */ = {isa = PBXFileReference; lastKnownFileType = sourcecode.swift; path = RecordViewController.swift; sourceTree = "<group>"; };
		6B022164271D7B1000C61593 /* ProfileViewController.swift */ = {isa = PBXFileReference; lastKnownFileType = sourcecode.swift; path = ProfileViewController.swift; sourceTree = "<group>"; };
		6B02216A271E6D7100C61593 /* StartToWalkPageViewController.swift */ = {isa = PBXFileReference; lastKnownFileType = sourcecode.swift; path = StartToWalkPageViewController.swift; sourceTree = "<group>"; };
		6B02216F271EC4DF00C61593 /* MapChosenViewController.swift */ = {isa = PBXFileReference; lastKnownFileType = sourcecode.swift; path = MapChosenViewController.swift; sourceTree = "<group>"; };
		6B022171271ED25100C61593 /* FunnyMapViewController.swift */ = {isa = PBXFileReference; lastKnownFileType = sourcecode.swift; path = FunnyMapViewController.swift; sourceTree = "<group>"; };
		6B022173271ED54B00C61593 /* FunnyMapTableViewCell.swift */ = {isa = PBXFileReference; lastKnownFileType = sourcecode.swift; path = FunnyMapTableViewCell.swift; sourceTree = "<group>"; };
		6B022175271F31FC00C61593 /* GoogleMapsManager.swift */ = {isa = PBXFileReference; lastKnownFileType = sourcecode.swift; path = GoogleMapsManager.swift; sourceTree = "<group>"; };
		6B022179271FC47500C61593 /* ResultsViewController.swift */ = {isa = PBXFileReference; lastKnownFileType = sourcecode.swift; path = ResultsViewController.swift; sourceTree = "<group>"; };
		6B02217B271FC6DF00C61593 /* GooglePlacesManager.swift */ = {isa = PBXFileReference; lastKnownFileType = sourcecode.swift; path = GooglePlacesManager.swift; sourceTree = "<group>"; };
		6B02217F2720122000C61593 /* FirebaseStruct.swift */ = {isa = PBXFileReference; lastKnownFileType = sourcecode.swift; path = FirebaseStruct.swift; sourceTree = "<group>"; };
		6B02218127201F6700C61593 /* DataHelper.swift */ = {isa = PBXFileReference; lastKnownFileType = sourcecode.swift; path = DataHelper.swift; sourceTree = "<group>"; };
		6B02218327215E8900C61593 /* CountingStepManager.swift */ = {isa = PBXFileReference; lastKnownFileType = sourcecode.swift; path = CountingStepManager.swift; sourceTree = "<group>"; };
		6B0F3888272920F100F00448 /* KingfisherWrapper.swift */ = {isa = PBXFileReference; lastKnownFileType = sourcecode.swift; path = KingfisherWrapper.swift; sourceTree = "<group>"; };
		6B0F3891272952D200F00448 /* MonthChartViewController.swift */ = {isa = PBXFileReference; lastKnownFileType = sourcecode.swift; path = MonthChartViewController.swift; sourceTree = "<group>"; };
		6B0F3896272AF67A00F00448 /* profile_lottie.json */ = {isa = PBXFileReference; fileEncoding = 4; lastKnownFileType = text.json; path = profile_lottie.json; sourceTree = "<group>"; };
		6B1269CE2731218200833A81 /* PickerTestField.swift */ = {isa = PBXFileReference; lastKnownFileType = sourcecode.swift; path = PickerTestField.swift; sourceTree = "<group>"; };
		6B1269D02731734400833A81 /* String+Extension.swift */ = {isa = PBXFileReference; lastKnownFileType = sourcecode.swift; path = "String+Extension.swift"; sourceTree = "<group>"; };
		6B1269D42731A8A300833A81 /* KleeOne-Regular.ttf */ = {isa = PBXFileReference; lastKnownFileType = file; path = "KleeOne-Regular.ttf"; sourceTree = "<group>"; };
		6B1269D52731A8A300833A81 /* KleeOne-SemiBold.ttf */ = {isa = PBXFileReference; lastKnownFileType = file; path = "KleeOne-SemiBold.ttf"; sourceTree = "<group>"; };
		6B1269D92731ABE100833A81 /* UIFont+Extension.swift */ = {isa = PBXFileReference; lastKnownFileType = sourcecode.swift; path = "UIFont+Extension.swift"; sourceTree = "<group>"; };
		6B1269DB2732AF4300833A81 /* GoogleArtViewController.swift */ = {isa = PBXFileReference; lastKnownFileType = sourcecode.swift; path = GoogleArtViewController.swift; sourceTree = "<group>"; };
		6B1699EA2727B44700260D70 /* RecordTableViewCell.swift */ = {isa = PBXFileReference; lastKnownFileType = sourcecode.swift; path = RecordTableViewCell.swift; sourceTree = "<group>"; };
		6B1699EC2727BA3B00260D70 /* UITableViewCell+Extension.swift */ = {isa = PBXFileReference; lastKnownFileType = sourcecode.swift; path = "UITableViewCell+Extension.swift"; sourceTree = "<group>"; };
		6B1699EE2727E51E00260D70 /* DetailRecordViewController.swift */ = {isa = PBXFileReference; lastKnownFileType = sourcecode.swift; path = DetailRecordViewController.swift; sourceTree = "<group>"; };
		6B227DCB273314D40067E51C /* ShapeMapExample.swift */ = {isa = PBXFileReference; lastKnownFileType = sourcecode.swift; path = ShapeMapExample.swift; sourceTree = "<group>"; };
		6B227DCF2733AA700067E51C /* WalkJourney.entitlements */ = {isa = PBXFileReference; lastKnownFileType = text.plist.entitlements; path = WalkJourney.entitlements; sourceTree = "<group>"; };
		6B227DD0273416A30067E51C /* User.swift */ = {isa = PBXFileReference; lastKnownFileType = sourcecode.swift; path = User.swift; sourceTree = "<group>"; };
		6B227DD2273419EA0067E51C /* UserManager.swift */ = {isa = PBXFileReference; lastKnownFileType = sourcecode.swift; path = UserManager.swift; sourceTree = "<group>"; };
		6B227DD427353BBB0067E51C /* CollectionManager.swift */ = {isa = PBXFileReference; lastKnownFileType = sourcecode.swift; path = CollectionManager.swift; sourceTree = "<group>"; };
		6B227DD627367E110067E51C /* walking_outside.json */ = {isa = PBXFileReference; fileEncoding = 4; lastKnownFileType = text.json; path = walking_outside.json; sourceTree = "<group>"; };
		6B227DD82736CA030067E51C /* starry_background.json */ = {isa = PBXFileReference; fileEncoding = 4; lastKnownFileType = text.json; path = starry_background.json; sourceTree = "<group>"; };
		6B23FA002722A1740009DA6E /* RecordManager.swift */ = {isa = PBXFileReference; lastKnownFileType = sourcecode.swift; path = RecordManager.swift; sourceTree = "<group>"; };
		6B38549A274F6C9E00B7B63E /* UIImage+Extenstion.swift */ = {isa = PBXFileReference; lastKnownFileType = sourcecode.swift; path = "UIImage+Extenstion.swift"; sourceTree = "<group>"; };
		6B492DDA272E4D7B0030DAFE /* LoginViewController.swift */ = {isa = PBXFileReference; lastKnownFileType = sourcecode.swift; path = LoginViewController.swift; sourceTree = "<group>"; };
		6B56D7B22745FAA400068E79 /* TimeManager.swift */ = {isa = PBXFileReference; lastKnownFileType = sourcecode.swift; path = TimeManager.swift; sourceTree = "<group>"; };
		6B56D7B52746411800068E79 /* Gallery.storyboard */ = {isa = PBXFileReference; lastKnownFileType = file.storyboard; path = Gallery.storyboard; sourceTree = "<group>"; };
		6B56D7B82746448B00068E79 /* GalleryViewController.swift */ = {isa = PBXFileReference; lastKnownFileType = sourcecode.swift; path = GalleryViewController.swift; sourceTree = "<group>"; };
		6B56D7BC27469BAD00068E79 /* BlurViewHelper.swift */ = {isa = PBXFileReference; lastKnownFileType = sourcecode.swift; path = BlurViewHelper.swift; sourceTree = "<group>"; };
		6B56D7BE27469E5500068E79 /* PublicPost.swift */ = {isa = PBXFileReference; lastKnownFileType = sourcecode.swift; path = PublicPost.swift; sourceTree = "<group>"; };
		6B56D7C027469EDA00068E79 /* PublicPostManager.swift */ = {isa = PBXFileReference; lastKnownFileType = sourcecode.swift; path = PublicPostManager.swift; sourceTree = "<group>"; };
		6B56D7C22746CD5700068E79 /* ZoomInViewController.swift */ = {isa = PBXFileReference; lastKnownFileType = sourcecode.swift; path = ZoomInViewController.swift; sourceTree = "<group>"; };
		6B56D7C42747549C00068E79 /* EULAViewController.swift */ = {isa = PBXFileReference; lastKnownFileType = sourcecode.swift; path = EULAViewController.swift; sourceTree = "<group>"; };
		6B56D7CA274A2BAC00068E79 /* loading.json */ = {isa = PBXFileReference; fileEncoding = 4; lastKnownFileType = text.json; path = loading.json; sourceTree = "<group>"; };
		6B56D7CC274E317800068E79 /* UICollectionView+Extension.swift */ = {isa = PBXFileReference; lastKnownFileType = sourcecode.swift; path = "UICollectionView+Extension.swift"; sourceTree = "<group>"; };
		6B5C09E62737AAB900E10EF5 /* RecordCatagoryViewController.swift */ = {isa = PBXFileReference; lastKnownFileType = sourcecode.swift; path = RecordCatagoryViewController.swift; sourceTree = "<group>"; };
		6B5C09E82737B33300E10EF5 /* ChallengeViewController.swift */ = {isa = PBXFileReference; lastKnownFileType = sourcecode.swift; path = ChallengeViewController.swift; sourceTree = "<group>"; };
		6B5C09EA2737B39300E10EF5 /* ChallengeTableViewCell.swift */ = {isa = PBXFileReference; lastKnownFileType = sourcecode.swift; path = ChallengeTableViewCell.swift; sourceTree = "<group>"; };
		6B5C09EC2737C87900E10EF5 /* ChallengeShareViewController.swift */ = {isa = PBXFileReference; lastKnownFileType = sourcecode.swift; path = ChallengeShareViewController.swift; sourceTree = "<group>"; };
		6B5C09EE27383DD700E10EF5 /* SettingViewController.swift */ = {isa = PBXFileReference; lastKnownFileType = sourcecode.swift; path = SettingViewController.swift; sourceTree = "<group>"; };
		6B5C09F0273845AF00E10EF5 /* SettingTableViewCell.swift */ = {isa = PBXFileReference; lastKnownFileType = sourcecode.swift; path = SettingTableViewCell.swift; sourceTree = "<group>"; };
		6B868A1F271B18B400965075 /* WalkJourney.app */ = {isa = PBXFileReference; explicitFileType = wrapper.application; includeInIndex = 0; path = WalkJourney.app; sourceTree = BUILT_PRODUCTS_DIR; };
		6B868A22271B18B400965075 /* AppDelegate.swift */ = {isa = PBXFileReference; lastKnownFileType = sourcecode.swift; path = AppDelegate.swift; sourceTree = "<group>"; };
		6B868A24271B18B400965075 /* SceneDelegate.swift */ = {isa = PBXFileReference; lastKnownFileType = sourcecode.swift; path = SceneDelegate.swift; sourceTree = "<group>"; };
		6B868A26271B18B400965075 /* TabBarController.swift */ = {isa = PBXFileReference; lastKnownFileType = sourcecode.swift; path = TabBarController.swift; sourceTree = "<group>"; };
		6B868A29271B18B400965075 /* Base */ = {isa = PBXFileReference; lastKnownFileType = file.storyboard; name = Base; path = Base.lproj/Main.storyboard; sourceTree = "<group>"; };
		6B868A2B271B18B700965075 /* Assets.xcassets */ = {isa = PBXFileReference; lastKnownFileType = folder.assetcatalog; path = Assets.xcassets; sourceTree = "<group>"; };
		6B868A2E271B18B700965075 /* Base */ = {isa = PBXFileReference; lastKnownFileType = file.storyboard; name = Base; path = Base.lproj/LaunchScreen.storyboard; sourceTree = "<group>"; };
		6B868A30271B18B700965075 /* Info.plist */ = {isa = PBXFileReference; lastKnownFileType = text.plist.xml; path = Info.plist; sourceTree = "<group>"; };
		6B868A5D271D413F00965075 /* Position.storyboard */ = {isa = PBXFileReference; lastKnownFileType = file.storyboard; path = Position.storyboard; sourceTree = "<group>"; };
		6B868A61271D41AD00965075 /* Record.storyboard */ = {isa = PBXFileReference; lastKnownFileType = file.storyboard; path = Record.storyboard; sourceTree = "<group>"; };
		6B868A63271D41BA00965075 /* Share.storyboard */ = {isa = PBXFileReference; lastKnownFileType = file.storyboard; path = Share.storyboard; sourceTree = "<group>"; };
		6B868A65271D41C800965075 /* Profile.storyboard */ = {isa = PBXFileReference; lastKnownFileType = file.storyboard; path = Profile.storyboard; sourceTree = "<group>"; };
		6B868A67271D42C300965075 /* MapSearchingPageViewController.swift */ = {isa = PBXFileReference; lastKnownFileType = sourcecode.swift; path = MapSearchingPageViewController.swift; sourceTree = "<group>"; };
		6BBFA13A2740A42600C92974 /* GoogleService-Info.plist */ = {isa = PBXFileReference; fileEncoding = 4; lastKnownFileType = text.plist.xml; path = "GoogleService-Info.plist"; sourceTree = "<group>"; };
		6BBFA13D2741309C00C92974 /* JGProgressHUDWrapper.swift */ = {isa = PBXFileReference; lastKnownFileType = sourcecode.swift; path = JGProgressHUDWrapper.swift; sourceTree = "<group>"; };
		6BBFA13F2741315F00C92974 /* UIViewController+Extension.swift */ = {isa = PBXFileReference; lastKnownFileType = sourcecode.swift; path = "UIViewController+Extension.swift"; sourceTree = "<group>"; };
		6BBFA1412741928200C92974 /* GPSArtTableViewCell.swift */ = {isa = PBXFileReference; lastKnownFileType = sourcecode.swift; path = GPSArtTableViewCell.swift; sourceTree = "<group>"; };
		6BBFA14527442BAA00C92974 /* BlockListsCollectionViewCell.swift */ = {isa = PBXFileReference; lastKnownFileType = sourcecode.swift; path = BlockListsCollectionViewCell.swift; sourceTree = "<group>"; };
		6BF89FAD273CBDA7004B6980 /* PrivacyPolicyViewController.swift */ = {isa = PBXFileReference; lastKnownFileType = sourcecode.swift; path = PrivacyPolicyViewController.swift; sourceTree = "<group>"; };
		6BF89FAF273D8900004B6980 /* UserSearchViewController.swift */ = {isa = PBXFileReference; lastKnownFileType = sourcecode.swift; path = UserSearchViewController.swift; sourceTree = "<group>"; };
		6BF89FB2273D9293004B6980 /* UserSearchTableViewCell.swift */ = {isa = PBXFileReference; lastKnownFileType = sourcecode.swift; path = UserSearchTableViewCell.swift; sourceTree = "<group>"; };
		6BF89FB5273E3F02004B6980 /* Invitation.swift */ = {isa = PBXFileReference; lastKnownFileType = sourcecode.swift; path = Invitation.swift; sourceTree = "<group>"; };
		6BF89FB7273E3F38004B6980 /* InvitationManager.swift */ = {isa = PBXFileReference; lastKnownFileType = sourcecode.swift; path = InvitationManager.swift; sourceTree = "<group>"; };
		6BF89FBA273F7473004B6980 /* InvitationViewController.swift */ = {isa = PBXFileReference; lastKnownFileType = sourcecode.swift; path = InvitationViewController.swift; sourceTree = "<group>"; };
		6BF89FBC273F7489004B6980 /* FriendListsViewController.swift */ = {isa = PBXFileReference; lastKnownFileType = sourcecode.swift; path = FriendListsViewController.swift; sourceTree = "<group>"; };
		6BF89FBE273F752F004B6980 /* BlockListsViewController.swift */ = {isa = PBXFileReference; lastKnownFileType = sourcecode.swift; path = BlockListsViewController.swift; sourceTree = "<group>"; };
		6BF89FC0273F7CAD004B6980 /* InvitedTableViewCell.swift */ = {isa = PBXFileReference; lastKnownFileType = sourcecode.swift; path = InvitedTableViewCell.swift; sourceTree = "<group>"; };
		6BF89FC4274005B8004B6980 /* FriendListsCollectionViewCell.swift */ = {isa = PBXFileReference; lastKnownFileType = sourcecode.swift; path = FriendListsCollectionViewCell.swift; sourceTree = "<group>"; };
		828E02F71BC80C53CDC91B32 /* Pods_WalkJourney.framework */ = {isa = PBXFileReference; explicitFileType = wrapper.framework; includeInIndex = 0; path = Pods_WalkJourney.framework; sourceTree = BUILT_PRODUCTS_DIR; };
/* End PBXFileReference section */

/* Begin PBXFrameworksBuildPhase section */
		6B868A1C271B18B400965075 /* Frameworks */ = {
			isa = PBXFrameworksBuildPhase;
			buildActionMask = 2147483647;
			files = (
				BD5C51B6805E09B0BB91748D /* Pods_WalkJourney.framework in Frameworks */,
			);
			runOnlyForDeploymentPostprocessing = 0;
		};
/* End PBXFrameworksBuildPhase section */

/* Begin PBXGroup section */
		0C26505A9ED6D82763EF933D /* Pods */ = {
			isa = PBXGroup;
			children = (
				36E1FDEA40CA09B214B4C5C7 /* Pods-WalkJourney.debug.xcconfig */,
				526FB63C1D4621006C9AB735 /* Pods-WalkJourney.release.xcconfig */,
			);
			path = Pods;
			sourceTree = "<group>";
		};
		18819412A8B211A357342905 /* Frameworks */ = {
			isa = PBXGroup;
			children = (
				828E02F71BC80C53CDC91B32 /* Pods_WalkJourney.framework */,
			);
			name = Frameworks;
			sourceTree = "<group>";
		};
		6B02216C271E718C00C61593 /* PositionPage */ = {
			isa = PBXGroup;
			children = (
				6B02216F271EC4DF00C61593 /* MapChosenViewController.swift */,
				6B868A67271D42C300965075 /* MapSearchingPageViewController.swift */,
				6B02216A271E6D7100C61593 /* StartToWalkPageViewController.swift */,
				6B022171271ED25100C61593 /* FunnyMapViewController.swift */,
				6B1269DB2732AF4300833A81 /* GoogleArtViewController.swift */,
				6B022179271FC47500C61593 /* ResultsViewController.swift */,
			);
			path = PositionPage;
			sourceTree = "<group>";
		};
		6B0F388627287F7700F00448 /* RecordPage */ = {
			isa = PBXGroup;
			children = (
				6B5C09E62737AAB900E10EF5 /* RecordCatagoryViewController.swift */,
				6B022160271D7AE900C61593 /* RecordViewController.swift */,
				6B5C09E82737B33300E10EF5 /* ChallengeViewController.swift */,
				6B1699EE2727E51E00260D70 /* DetailRecordViewController.swift */,
				6B5C09EC2737C87900E10EF5 /* ChallengeShareViewController.swift */,
				6B0F3891272952D200F00448 /* MonthChartViewController.swift */,
			);
			path = RecordPage;
			sourceTree = "<group>";
		};
		6B0F388A272938B200F00448 /* PositionView */ = {
			isa = PBXGroup;
			children = (
				6B868A5D271D413F00965075 /* Position.storyboard */,
			);
			path = PositionView;
			sourceTree = "<group>";
		};
		6B0F388B272938CB00F00448 /* RecordView */ = {
			isa = PBXGroup;
			children = (
				6B868A61271D41AD00965075 /* Record.storyboard */,
			);
			path = RecordView;
			sourceTree = "<group>";
		};
		6B0F3895272AF65700F00448 /* Lottie */ = {
			isa = PBXGroup;
			children = (
				6B0F3896272AF67A00F00448 /* profile_lottie.json */,
				6B227DD627367E110067E51C /* walking_outside.json */,
				6B56D7CA274A2BAC00068E79 /* loading.json */,
				6B227DD82736CA030067E51C /* starry_background.json */,
			);
			path = Lottie;
			sourceTree = "<group>";
		};
		6B0F3898272BA45D00F00448 /* storyboard */ = {
			isa = PBXGroup;
			children = (
				6B868A63271D41BA00965075 /* Share.storyboard */,
				6B868A2D271B18B700965075 /* LaunchScreen.storyboard */,
				6B868A28271B18B400965075 /* Main.storyboard */,
				6B0F388A272938B200F00448 /* PositionView */,
				6B0F388B272938CB00F00448 /* RecordView */,
				6B56D7B4274640D300068E79 /* GalleryView */,
				6BF89FB9273F7389004B6980 /* ProfileView */,
			);
			path = storyboard;
			sourceTree = "<group>";
		};
		6B1269AD272EFD1300833A81 /* ProfilePage */ = {
			isa = PBXGroup;
			children = (
				6B022164271D7B1000C61593 /* ProfileViewController.swift */,
				6B5C09EE27383DD700E10EF5 /* SettingViewController.swift */,
				6BF89FAF273D8900004B6980 /* UserSearchViewController.swift */,
				6BF89FBA273F7473004B6980 /* InvitationViewController.swift */,
				6BF89FBC273F7489004B6980 /* FriendListsViewController.swift */,
				6BF89FBE273F752F004B6980 /* BlockListsViewController.swift */,
			);
			path = ProfilePage;
			sourceTree = "<group>";
		};
		6B1269D22731A8A300833A81 /* customFonts */ = {
			isa = PBXGroup;
			children = (
				6B1269D42731A8A300833A81 /* KleeOne-Regular.ttf */,
				6B1269D52731A8A300833A81 /* KleeOne-SemiBold.ttf */,
			);
			path = customFonts;
			sourceTree = "<group>";
		};
		6B56D7B4274640D300068E79 /* GalleryView */ = {
			isa = PBXGroup;
			children = (
				6B56D7B52746411800068E79 /* Gallery.storyboard */,
			);
			path = GalleryView;
			sourceTree = "<group>";
		};
		6B56D7B72746444400068E79 /* GalleryPage */ = {
			isa = PBXGroup;
			children = (
				6B56D7B82746448B00068E79 /* GalleryViewController.swift */,
				6B56D7C22746CD5700068E79 /* ZoomInViewController.swift */,
			);
			path = GalleryPage;
			sourceTree = "<group>";
		};
		6B868A16271B18B400965075 = {
			isa = PBXGroup;
			children = (
				6BBFA13C2741305A00C92974 /* Third Party Wrapper */,
				6B868A5C271D14B100965075 /* Extension */,
				6B1269D22731A8A300833A81 /* customFonts */,
				6B0F3898272BA45D00F00448 /* storyboard */,
				6B868A59271D148B00965075 /* Model */,
				6B868A5A271D149600965075 /* View */,
				6B868A5B271D14A100965075 /* Controller */,
				6B868A21271B18B400965075 /* WalkJourney */,
				6B0F3895272AF65700F00448 /* Lottie */,
				6B868A20271B18B400965075 /* Products */,
				0C26505A9ED6D82763EF933D /* Pods */,
				18819412A8B211A357342905 /* Frameworks */,
			);
			sourceTree = "<group>";
		};
		6B868A20271B18B400965075 /* Products */ = {
			isa = PBXGroup;
			children = (
				6B868A1F271B18B400965075 /* WalkJourney.app */,
			);
			name = Products;
			sourceTree = "<group>";
		};
		6B868A21271B18B400965075 /* WalkJourney */ = {
			isa = PBXGroup;
			children = (
				6B227DCF2733AA700067E51C /* WalkJourney.entitlements */,
				6B868A22271B18B400965075 /* AppDelegate.swift */,
				6B868A24271B18B400965075 /* SceneDelegate.swift */,
				6BBFA13A2740A42600C92974 /* GoogleService-Info.plist */,
				6B868A2B271B18B700965075 /* Assets.xcassets */,
				6B868A30271B18B700965075 /* Info.plist */,
			);
			path = WalkJourney;
			sourceTree = "<group>";
		};
		6B868A59271D148B00965075 /* Model */ = {
			isa = PBXGroup;
			children = (
				6B56D7B22745FAA400068E79 /* TimeManager.swift */,
				6B227DD427353BBB0067E51C /* CollectionManager.swift */,
				6B022175271F31FC00C61593 /* GoogleMapsManager.swift */,
				6B02217B271FC6DF00C61593 /* GooglePlacesManager.swift */,
				6B56D7BC27469BAD00068E79 /* BlurViewHelper.swift */,
				6B02218127201F6700C61593 /* DataHelper.swift */,
				6B02217F2720122000C61593 /* FirebaseStruct.swift */,
				6B02218327215E8900C61593 /* CountingStepManager.swift */,
				6B23FA002722A1740009DA6E /* RecordManager.swift */,
				6B1269CE2731218200833A81 /* PickerTestField.swift */,
				6B227DCB273314D40067E51C /* ShapeMapExample.swift */,
				6B227DD0273416A30067E51C /* User.swift */,
				6B227DD2273419EA0067E51C /* UserManager.swift */,
				6BF89FB5273E3F02004B6980 /* Invitation.swift */,
				6BF89FB7273E3F38004B6980 /* InvitationManager.swift */,
				6B56D7BE27469E5500068E79 /* PublicPost.swift */,
				6B56D7C027469EDA00068E79 /* PublicPostManager.swift */,
			);
			path = Model;
			sourceTree = "<group>";
		};
		6B868A5A271D149600965075 /* View */ = {
			isa = PBXGroup;
			children = (
				6B022173271ED54B00C61593 /* FunnyMapTableViewCell.swift */,
				6B1699EA2727B44700260D70 /* RecordTableViewCell.swift */,
				6B5C09EA2737B39300E10EF5 /* ChallengeTableViewCell.swift */,
				6B5C09F0273845AF00E10EF5 /* SettingTableViewCell.swift */,
				6BF89FB2273D9293004B6980 /* UserSearchTableViewCell.swift */,
				6BF89FC0273F7CAD004B6980 /* InvitedTableViewCell.swift */,
				6BF89FC4274005B8004B6980 /* FriendListsCollectionViewCell.swift */,
				6BBFA14527442BAA00C92974 /* BlockListsCollectionViewCell.swift */,
				6BBFA1412741928200C92974 /* GPSArtTableViewCell.swift */,
			);
			path = View;
			sourceTree = "<group>";
		};
		6B868A5B271D14A100965075 /* Controller */ = {
			isa = PBXGroup;
			children = (
				6B868A26271B18B400965075 /* TabBarController.swift */,
				6B492DDA272E4D7B0030DAFE /* LoginViewController.swift */,
				6BF89FAD273CBDA7004B6980 /* PrivacyPolicyViewController.swift */,
				6B56D7C42747549C00068E79 /* EULAViewController.swift */,
				6B02216C271E718C00C61593 /* PositionPage */,
				6B0F388627287F7700F00448 /* RecordPage */,
				6B1269AD272EFD1300833A81 /* ProfilePage */,
				6B56D7B72746444400068E79 /* GalleryPage */,
			);
			path = Controller;
			sourceTree = "<group>";
		};
		6B868A5C271D14B100965075 /* Extension */ = {
			isa = PBXGroup;
			children = (
				6B02215C271D758200C61593 /* UIStoryboard+Extension.swift */,
				6B022156271D742600C61593 /* UIView+Extension.swift */,
				6B1269D92731ABE100833A81 /* UIFont+Extension.swift */,
				6B022158271D74D000C61593 /* UIColor+Extension.swift */,
				6B02215A271D752400C61593 /* UIScreen+Extension.swift */,
				6B1699EC2727BA3B00260D70 /* UITableViewCell+Extension.swift */,
				6B56D7CC274E317800068E79 /* UICollectionView+Extension.swift */,
				6BBFA13F2741315F00C92974 /* UIViewController+Extension.swift */,
				6B38549A274F6C9E00B7B63E /* UIImage+Extenstion.swift */,
				6B1269D02731734400833A81 /* String+Extension.swift */,
			);
			path = Extension;
			sourceTree = "<group>";
		};
		6BBFA13C2741305A00C92974 /* Third Party Wrapper */ = {
			isa = PBXGroup;
			children = (
				6B0F3888272920F100F00448 /* KingfisherWrapper.swift */,
				6BBFA13D2741309C00C92974 /* JGProgressHUDWrapper.swift */,
			);
			path = "Third Party Wrapper";
			sourceTree = "<group>";
		};
		6BF89FB9273F7389004B6980 /* ProfileView */ = {
			isa = PBXGroup;
			children = (
				6B868A65271D41C800965075 /* Profile.storyboard */,
			);
			path = ProfileView;
			sourceTree = "<group>";
		};
/* End PBXGroup section */

/* Begin PBXNativeTarget section */
		6B868A1E271B18B400965075 /* WalkJourney */ = {
			isa = PBXNativeTarget;
			buildConfigurationList = 6B868A33271B18B700965075 /* Build configuration list for PBXNativeTarget "WalkJourney" */;
			buildPhases = (
				693C1A910BC2951B23EFDE03 /* [CP] Check Pods Manifest.lock */,
				6B868A1B271B18B400965075 /* Sources */,
				6B868A1C271B18B400965075 /* Frameworks */,
				6B868A1D271B18B400965075 /* Resources */,
				6B868A36271B250D00965075 /* Swiftlint */,
				4FEC4C33268D6DF705E5BED2 /* [CP] Embed Pods Frameworks */,
				13D8AB5ACAE8A68478BB733E /* [CP] Copy Pods Resources */,
				6BBFA1472744A0FC00C92974 /* ShellScript */,
			);
			buildRules = (
			);
			dependencies = (
			);
			name = WalkJourney;
			productName = WalkJourney;
			productReference = 6B868A1F271B18B400965075 /* WalkJourney.app */;
			productType = "com.apple.product-type.application";
		};
/* End PBXNativeTarget section */

/* Begin PBXProject section */
		6B868A17271B18B400965075 /* Project object */ = {
			isa = PBXProject;
			attributes = {
				BuildIndependentTargetsInParallel = 1;
				LastSwiftUpdateCheck = 1300;
				LastUpgradeCheck = 1300;
				TargetAttributes = {
					6B868A1E271B18B400965075 = {
						CreatedOnToolsVersion = 13.0;
					};
				};
			};
			buildConfigurationList = 6B868A1A271B18B400965075 /* Build configuration list for PBXProject "WalkJourney" */;
			compatibilityVersion = "Xcode 13.0";
			developmentRegion = en;
			hasScannedForEncodings = 0;
			knownRegions = (
				en,
				Base,
			);
			mainGroup = 6B868A16271B18B400965075;
			productRefGroup = 6B868A20271B18B400965075 /* Products */;
			projectDirPath = "";
			projectRoot = "";
			targets = (
				6B868A1E271B18B400965075 /* WalkJourney */,
			);
		};
/* End PBXProject section */

/* Begin PBXResourcesBuildPhase section */
		6B868A1D271B18B400965075 /* Resources */ = {
			isa = PBXResourcesBuildPhase;
			buildActionMask = 2147483647;
			files = (
				6B868A2F271B18B700965075 /* LaunchScreen.storyboard in Resources */,
				6B0F3897272AF67A00F00448 /* profile_lottie.json in Resources */,
				6BBFA13B2740A42600C92974 /* GoogleService-Info.plist in Resources */,
				6B02216E271E74C400C61593 /* Position.storyboard in Resources */,
				6B56D7CB274A2BAC00068E79 /* loading.json in Resources */,
				6B868A64271D41BA00965075 /* Share.storyboard in Resources */,
				6B227DD727367E140067E51C /* walking_outside.json in Resources */,
				6B868A2C271B18B700965075 /* Assets.xcassets in Resources */,
				6B868A66271D41C800965075 /* Profile.storyboard in Resources */,
				6B56D7B62746411800068E79 /* Gallery.storyboard in Resources */,
				6B868A2A271B18B400965075 /* Main.storyboard in Resources */,
				6B227DD92736CA030067E51C /* starry_background.json in Resources */,
				6B1269D72731A8A300833A81 /* KleeOne-Regular.ttf in Resources */,
				6B1269D82731A8A300833A81 /* KleeOne-SemiBold.ttf in Resources */,
				6B868A62271D41AD00965075 /* Record.storyboard in Resources */,
			);
			runOnlyForDeploymentPostprocessing = 0;
		};
/* End PBXResourcesBuildPhase section */

/* Begin PBXShellScriptBuildPhase section */
		13D8AB5ACAE8A68478BB733E /* [CP] Copy Pods Resources */ = {
			isa = PBXShellScriptBuildPhase;
			buildActionMask = 2147483647;
			files = (
			);
			inputFileListPaths = (
				"${PODS_ROOT}/Target Support Files/Pods-WalkJourney/Pods-WalkJourney-resources-${CONFIGURATION}-input-files.xcfilelist",
			);
			name = "[CP] Copy Pods Resources";
			outputFileListPaths = (
				"${PODS_ROOT}/Target Support Files/Pods-WalkJourney/Pods-WalkJourney-resources-${CONFIGURATION}-output-files.xcfilelist",
			);
			runOnlyForDeploymentPostprocessing = 0;
			shellPath = /bin/sh;
			shellScript = "\"${PODS_ROOT}/Target Support Files/Pods-WalkJourney/Pods-WalkJourney-resources.sh\"\n";
			showEnvVarsInLog = 0;
		};
		4FEC4C33268D6DF705E5BED2 /* [CP] Embed Pods Frameworks */ = {
			isa = PBXShellScriptBuildPhase;
			buildActionMask = 12;
			files = (
			);
			inputFileListPaths = (
				"${PODS_ROOT}/Target Support Files/Pods-WalkJourney/Pods-WalkJourney-frameworks-${CONFIGURATION}-input-files.xcfilelist",
			);
			name = "[CP] Embed Pods Frameworks";
			outputFileListPaths = (
				"${PODS_ROOT}/Target Support Files/Pods-WalkJourney/Pods-WalkJourney-frameworks-${CONFIGURATION}-output-files.xcfilelist",
			);
			runOnlyForDeploymentPostprocessing = 0;
			shellPath = /bin/sh;
			shellScript = "\"${PODS_ROOT}/Target Support Files/Pods-WalkJourney/Pods-WalkJourney-frameworks.sh\"\n";
			showEnvVarsInLog = 0;
		};
		693C1A910BC2951B23EFDE03 /* [CP] Check Pods Manifest.lock */ = {
			isa = PBXShellScriptBuildPhase;
			buildActionMask = 2147483647;
			files = (
			);
			inputFileListPaths = (
			);
			inputPaths = (
				"${PODS_PODFILE_DIR_PATH}/Podfile.lock",
				"${PODS_ROOT}/Manifest.lock",
			);
			name = "[CP] Check Pods Manifest.lock";
			outputFileListPaths = (
			);
			outputPaths = (
				"$(DERIVED_FILE_DIR)/Pods-WalkJourney-checkManifestLockResult.txt",
			);
			runOnlyForDeploymentPostprocessing = 0;
			shellPath = /bin/sh;
			shellScript = "diff \"${PODS_PODFILE_DIR_PATH}/Podfile.lock\" \"${PODS_ROOT}/Manifest.lock\" > /dev/null\nif [ $? != 0 ] ; then\n    # print error to STDERR\n    echo \"error: The sandbox is not in sync with the Podfile.lock. Run 'pod install' or update your CocoaPods installation.\" >&2\n    exit 1\nfi\n# This output is used by Xcode 'outputs' to avoid re-running this script phase.\necho \"SUCCESS\" > \"${SCRIPT_OUTPUT_FILE_0}\"\n";
			showEnvVarsInLog = 0;
		};
		6B868A36271B250D00965075 /* Swiftlint */ = {
			isa = PBXShellScriptBuildPhase;
			buildActionMask = 2147483647;
			files = (
			);
			inputFileListPaths = (
			);
			inputPaths = (
			);
			name = Swiftlint;
			outputFileListPaths = (
			);
			outputPaths = (
			);
			runOnlyForDeploymentPostprocessing = 0;
			shellPath = /bin/sh;
			shellScript = "\"${PODS_ROOT}/SwiftLint/swiftlint\"\n";
		};
		6BBFA1472744A0FC00C92974 /* ShellScript */ = {
			isa = PBXShellScriptBuildPhase;
			buildActionMask = 2147483647;
			files = (
			);
			inputFileListPaths = (
			);
			inputPaths = (
				"${DWARF_DSYM_FOLDER_PATH}/${DWARF_DSYM_FILE_NAME}/Contents/Resources/DWARF/${TARGET_NAME}",
				"$(SRCROOT)/$(BUILT_PRODUCTS_DIR)/$(INFOPLIST_PATH)",
			);
			outputFileListPaths = (
			);
			outputPaths = (
			);
			runOnlyForDeploymentPostprocessing = 0;
			shellPath = /bin/sh;
			shellScript = "\"${PODS_ROOT}/FirebaseCrashlytics/run\"\n";
		};
/* End PBXShellScriptBuildPhase section */

/* Begin PBXSourcesBuildPhase section */
		6B868A1B271B18B400965075 /* Sources */ = {
			isa = PBXSourcesBuildPhase;
			buildActionMask = 2147483647;
			files = (
				6BBFA1402741315F00C92974 /* UIViewController+Extension.swift in Sources */,
				6BF89FBD273F7489004B6980 /* FriendListsViewController.swift in Sources */,
				6B1269D12731734400833A81 /* String+Extension.swift in Sources */,
				6BF89FC1273F7CAD004B6980 /* InvitedTableViewCell.swift in Sources */,
				6BF89FB3273D9293004B6980 /* UserSearchTableViewCell.swift in Sources */,
				6B227DD527353BBB0067E51C /* CollectionManager.swift in Sources */,
				6B227DD3273419EA0067E51C /* UserManager.swift in Sources */,
				6B1699ED2727BA3B00260D70 /* UITableViewCell+Extension.swift in Sources */,
				6B022172271ED25100C61593 /* FunnyMapViewController.swift in Sources */,
				6B868A68271D42C400965075 /* MapSearchingPageViewController.swift in Sources */,
				6B022176271F31FC00C61593 /* GoogleMapsManager.swift in Sources */,
				6BBFA14627442BAA00C92974 /* BlockListsCollectionViewCell.swift in Sources */,
				6B02217A271FC47600C61593 /* ResultsViewController.swift in Sources */,
				6B868A27271B18B400965075 /* TabBarController.swift in Sources */,
				6B1269DA2731ABE100833A81 /* UIFont+Extension.swift in Sources */,
				6B56D7C127469EDA00068E79 /* PublicPostManager.swift in Sources */,
				6BF89FB8273E3F38004B6980 /* InvitationManager.swift in Sources */,
				6B23FA012722A1740009DA6E /* RecordManager.swift in Sources */,
				6BF89FBB273F7473004B6980 /* InvitationViewController.swift in Sources */,
				6B02218227201F6700C61593 /* DataHelper.swift in Sources */,
				6BF89FBF273F752F004B6980 /* BlockListsViewController.swift in Sources */,
				6B02216B271E6D7100C61593 /* StartToWalkPageViewController.swift in Sources */,
				6B022157271D742700C61593 /* UIView+Extension.swift in Sources */,
				6B56D7C32746CD5700068E79 /* ZoomInViewController.swift in Sources */,
				6B38549B274F6C9E00B7B63E /* UIImage+Extenstion.swift in Sources */,
				6B0F3889272920F100F00448 /* KingfisherWrapper.swift in Sources */,
				6B56D7C52747549C00068E79 /* EULAViewController.swift in Sources */,
				6B492DDB272E4D7B0030DAFE /* LoginViewController.swift in Sources */,
				6BF89FB6273E3F02004B6980 /* Invitation.swift in Sources */,
				6B0F3892272952D200F00448 /* MonthChartViewController.swift in Sources */,
				6B1699EF2727E51E00260D70 /* DetailRecordViewController.swift in Sources */,
				6B5C09F1273845AF00E10EF5 /* SettingTableViewCell.swift in Sources */,
				6B02218427215E8A00C61593 /* CountingStepManager.swift in Sources */,
				6B022174271ED54B00C61593 /* FunnyMapTableViewCell.swift in Sources */,
				6B5C09EF27383DD700E10EF5 /* SettingViewController.swift in Sources */,
				6B022159271D74D000C61593 /* UIColor+Extension.swift in Sources */,
				6BF89FAE273CBDA7004B6980 /* PrivacyPolicyViewController.swift in Sources */,
				6BF89FC5274005B9004B6980 /* FriendListsCollectionViewCell.swift in Sources */,
				6B1269CF2731218200833A81 /* PickerTestField.swift in Sources */,
				6B227DD1273416A30067E51C /* User.swift in Sources */,
				6B227DCC273314D40067E51C /* ShapeMapExample.swift in Sources */,
				6B1699EB2727B44700260D70 /* RecordTableViewCell.swift in Sources */,
				6B02217C271FC6DF00C61593 /* GooglePlacesManager.swift in Sources */,
				6B5C09E92737B33300E10EF5 /* ChallengeViewController.swift in Sources */,
				6B022165271D7B1000C61593 /* ProfileViewController.swift in Sources */,
				6B5C09ED2737C87900E10EF5 /* ChallengeShareViewController.swift in Sources */,
				6B0221802720122000C61593 /* FirebaseStruct.swift in Sources */,
				6BF89FB0273D8900004B6980 /* UserSearchViewController.swift in Sources */,
				6B868A23271B18B400965075 /* AppDelegate.swift in Sources */,
				6B56D7BF27469E5500068E79 /* PublicPost.swift in Sources */,
				6B56D7B32745FAA400068E79 /* TimeManager.swift in Sources */,
				6BBFA1422741928200C92974 /* GPSArtTableViewCell.swift in Sources */,
				6B5C09EB2737B39300E10EF5 /* ChallengeTableViewCell.swift in Sources */,
				6B5C09E72737AAB900E10EF5 /* RecordCatagoryViewController.swift in Sources */,
				6B56D7B92746448B00068E79 /* GalleryViewController.swift in Sources */,
				6B868A25271B18B400965075 /* SceneDelegate.swift in Sources */,
				6B022161271D7AE900C61593 /* RecordViewController.swift in Sources */,
				6B022170271EC4DF00C61593 /* MapChosenViewController.swift in Sources */,
				6BBFA13E2741309C00C92974 /* JGProgressHUDWrapper.swift in Sources */,
				6B1269DC2732AF4400833A81 /* GoogleArtViewController.swift in Sources */,
				6B56D7CD274E317800068E79 /* UICollectionView+Extension.swift in Sources */,
				6B02215D271D758200C61593 /* UIStoryboard+Extension.swift in Sources */,
				6B02215B271D752400C61593 /* UIScreen+Extension.swift in Sources */,
				6B56D7BD27469BAE00068E79 /* BlurViewHelper.swift in Sources */,
			);
			runOnlyForDeploymentPostprocessing = 0;
		};
/* End PBXSourcesBuildPhase section */

/* Begin PBXVariantGroup section */
		6B868A28271B18B400965075 /* Main.storyboard */ = {
			isa = PBXVariantGroup;
			children = (
				6B868A29271B18B400965075 /* Base */,
			);
			name = Main.storyboard;
			sourceTree = "<group>";
		};
		6B868A2D271B18B700965075 /* LaunchScreen.storyboard */ = {
			isa = PBXVariantGroup;
			children = (
				6B868A2E271B18B700965075 /* Base */,
			);
			name = LaunchScreen.storyboard;
			sourceTree = "<group>";
		};
/* End PBXVariantGroup section */

/* Begin XCBuildConfiguration section */
		6B868A31271B18B700965075 /* Debug */ = {
			isa = XCBuildConfiguration;
			buildSettings = {
				ALWAYS_SEARCH_USER_PATHS = NO;
				CLANG_ANALYZER_NONNULL = YES;
				CLANG_ANALYZER_NUMBER_OBJECT_CONVERSION = YES_AGGRESSIVE;
				CLANG_CXX_LANGUAGE_STANDARD = "gnu++17";
				CLANG_CXX_LIBRARY = "libc++";
				CLANG_ENABLE_MODULES = YES;
				CLANG_ENABLE_OBJC_ARC = YES;
				CLANG_ENABLE_OBJC_WEAK = YES;
				CLANG_WARN_BLOCK_CAPTURE_AUTORELEASING = YES;
				CLANG_WARN_BOOL_CONVERSION = YES;
				CLANG_WARN_COMMA = YES;
				CLANG_WARN_CONSTANT_CONVERSION = YES;
				CLANG_WARN_DEPRECATED_OBJC_IMPLEMENTATIONS = YES;
				CLANG_WARN_DIRECT_OBJC_ISA_USAGE = YES_ERROR;
				CLANG_WARN_DOCUMENTATION_COMMENTS = YES;
				CLANG_WARN_EMPTY_BODY = YES;
				CLANG_WARN_ENUM_CONVERSION = YES;
				CLANG_WARN_INFINITE_RECURSION = YES;
				CLANG_WARN_INT_CONVERSION = YES;
				CLANG_WARN_NON_LITERAL_NULL_CONVERSION = YES;
				CLANG_WARN_OBJC_IMPLICIT_RETAIN_SELF = YES;
				CLANG_WARN_OBJC_LITERAL_CONVERSION = YES;
				CLANG_WARN_OBJC_ROOT_CLASS = YES_ERROR;
				CLANG_WARN_QUOTED_INCLUDE_IN_FRAMEWORK_HEADER = YES;
				CLANG_WARN_RANGE_LOOP_ANALYSIS = YES;
				CLANG_WARN_STRICT_PROTOTYPES = YES;
				CLANG_WARN_SUSPICIOUS_MOVE = YES;
				CLANG_WARN_UNGUARDED_AVAILABILITY = YES_AGGRESSIVE;
				CLANG_WARN_UNREACHABLE_CODE = YES;
				CLANG_WARN__DUPLICATE_METHOD_MATCH = YES;
				COPY_PHASE_STRIP = NO;
				DEBUG_INFORMATION_FORMAT = dwarf;
				ENABLE_STRICT_OBJC_MSGSEND = YES;
				ENABLE_TESTABILITY = YES;
				"EXCLUDED_ARCHS[sdk=iphonesimulator*]" = arm64;
				GCC_C_LANGUAGE_STANDARD = gnu11;
				GCC_DYNAMIC_NO_PIC = NO;
				GCC_NO_COMMON_BLOCKS = YES;
				GCC_OPTIMIZATION_LEVEL = 0;
				GCC_PREPROCESSOR_DEFINITIONS = (
					"DEBUG=1",
					"$(inherited)",
				);
				GCC_WARN_64_TO_32_BIT_CONVERSION = YES;
				GCC_WARN_ABOUT_RETURN_TYPE = YES_ERROR;
				GCC_WARN_UNDECLARED_SELECTOR = YES;
				GCC_WARN_UNINITIALIZED_AUTOS = YES_AGGRESSIVE;
				GCC_WARN_UNUSED_FUNCTION = YES;
				GCC_WARN_UNUSED_VARIABLE = YES;
				IPHONEOS_DEPLOYMENT_TARGET = 14.0;
				MTL_ENABLE_DEBUG_INFO = INCLUDE_SOURCE;
				MTL_FAST_MATH = YES;
				ONLY_ACTIVE_ARCH = YES;
				SDKROOT = iphoneos;
				SWIFT_ACTIVE_COMPILATION_CONDITIONS = DEBUG;
				SWIFT_OPTIMIZATION_LEVEL = "-Onone";
			};
			name = Debug;
		};
		6B868A32271B18B700965075 /* Release */ = {
			isa = XCBuildConfiguration;
			buildSettings = {
				ALWAYS_SEARCH_USER_PATHS = NO;
				CLANG_ANALYZER_NONNULL = YES;
				CLANG_ANALYZER_NUMBER_OBJECT_CONVERSION = YES_AGGRESSIVE;
				CLANG_CXX_LANGUAGE_STANDARD = "gnu++17";
				CLANG_CXX_LIBRARY = "libc++";
				CLANG_ENABLE_MODULES = YES;
				CLANG_ENABLE_OBJC_ARC = YES;
				CLANG_ENABLE_OBJC_WEAK = YES;
				CLANG_WARN_BLOCK_CAPTURE_AUTORELEASING = YES;
				CLANG_WARN_BOOL_CONVERSION = YES;
				CLANG_WARN_COMMA = YES;
				CLANG_WARN_CONSTANT_CONVERSION = YES;
				CLANG_WARN_DEPRECATED_OBJC_IMPLEMENTATIONS = YES;
				CLANG_WARN_DIRECT_OBJC_ISA_USAGE = YES_ERROR;
				CLANG_WARN_DOCUMENTATION_COMMENTS = YES;
				CLANG_WARN_EMPTY_BODY = YES;
				CLANG_WARN_ENUM_CONVERSION = YES;
				CLANG_WARN_INFINITE_RECURSION = YES;
				CLANG_WARN_INT_CONVERSION = YES;
				CLANG_WARN_NON_LITERAL_NULL_CONVERSION = YES;
				CLANG_WARN_OBJC_IMPLICIT_RETAIN_SELF = YES;
				CLANG_WARN_OBJC_LITERAL_CONVERSION = YES;
				CLANG_WARN_OBJC_ROOT_CLASS = YES_ERROR;
				CLANG_WARN_QUOTED_INCLUDE_IN_FRAMEWORK_HEADER = YES;
				CLANG_WARN_RANGE_LOOP_ANALYSIS = YES;
				CLANG_WARN_STRICT_PROTOTYPES = YES;
				CLANG_WARN_SUSPICIOUS_MOVE = YES;
				CLANG_WARN_UNGUARDED_AVAILABILITY = YES_AGGRESSIVE;
				CLANG_WARN_UNREACHABLE_CODE = YES;
				CLANG_WARN__DUPLICATE_METHOD_MATCH = YES;
				COPY_PHASE_STRIP = NO;
				DEBUG_INFORMATION_FORMAT = "dwarf-with-dsym";
				ENABLE_NS_ASSERTIONS = NO;
				ENABLE_STRICT_OBJC_MSGSEND = YES;
				GCC_C_LANGUAGE_STANDARD = gnu11;
				GCC_NO_COMMON_BLOCKS = YES;
				GCC_WARN_64_TO_32_BIT_CONVERSION = YES;
				GCC_WARN_ABOUT_RETURN_TYPE = YES_ERROR;
				GCC_WARN_UNDECLARED_SELECTOR = YES;
				GCC_WARN_UNINITIALIZED_AUTOS = YES_AGGRESSIVE;
				GCC_WARN_UNUSED_FUNCTION = YES;
				GCC_WARN_UNUSED_VARIABLE = YES;
				IPHONEOS_DEPLOYMENT_TARGET = 14.0;
				MTL_ENABLE_DEBUG_INFO = NO;
				MTL_FAST_MATH = YES;
				SDKROOT = iphoneos;
				SWIFT_COMPILATION_MODE = wholemodule;
				SWIFT_OPTIMIZATION_LEVEL = "-O";
				VALIDATE_PRODUCT = YES;
			};
			name = Release;
		};
		6B868A34271B18B700965075 /* Debug */ = {
			isa = XCBuildConfiguration;
			baseConfigurationReference = 36E1FDEA40CA09B214B4C5C7 /* Pods-WalkJourney.debug.xcconfig */;
			buildSettings = {
				ASSETCATALOG_COMPILER_APPICON_NAME = AppIcon;
				ASSETCATALOG_COMPILER_GLOBAL_ACCENT_COLOR_NAME = AccentColor;
				ASSETCATALOG_COMPILER_INCLUDE_ALL_APPICON_ASSETS = NO;
				CODE_SIGN_ENTITLEMENTS = WalkJourney/WalkJourney.entitlements;
				CODE_SIGN_IDENTITY = "Apple Development";
				CODE_SIGN_STYLE = Automatic;
				CURRENT_PROJECT_VERSION = 4;
				DEBUG_INFORMATION_FORMAT = "dwarf-with-dsym";
				DEVELOPMENT_TEAM = 35VS24D7UT;
				GENERATE_INFOPLIST_FILE = YES;
				INFOPLIST_FILE = WalkJourney/Info.plist;
				INFOPLIST_KEY_CFBundleDisplayName = WalkJourney;
				INFOPLIST_KEY_NSCameraUsageDescription = "欲儲存照片至您的相簿，請允許開啟相簿使用權限";
				INFOPLIST_KEY_NSLocationUsageDescription = "我們需要取用您的當前位置，以計算走路距離/時間/軌跡";
				INFOPLIST_KEY_NSLocationWhenInUseUsageDescription = "我們需要取用您的當前位置，以計算走路距離/時間/軌跡";
				INFOPLIST_KEY_NSMotionUsageDescription = "我們需要取用您的當前位置，以計算走路距離/時間/軌跡";
				INFOPLIST_KEY_NSPhotoLibraryUsageDescription = "欲儲存照片至您的相簿，請允許開啟相簿使用權限";
				INFOPLIST_KEY_UIApplicationSupportsIndirectInputEvents = YES;
				INFOPLIST_KEY_UILaunchStoryboardName = LaunchScreen;
				INFOPLIST_KEY_UIMainStoryboardFile = Main;
				INFOPLIST_KEY_UIRequiredDeviceCapabilities = "armv7 location-services";
				INFOPLIST_KEY_UISupportedInterfaceOrientations = UIInterfaceOrientationPortrait;
				INFOPLIST_KEY_UISupportedInterfaceOrientations_iPad = "UIInterfaceOrientationPortrait UIInterfaceOrientationPortraitUpsideDown UIInterfaceOrientationLandscapeLeft UIInterfaceOrientationLandscapeRight";
				INFOPLIST_KEY_UISupportedInterfaceOrientations_iPhone = "UIInterfaceOrientationPortrait UIInterfaceOrientationLandscapeLeft UIInterfaceOrientationLandscapeRight";
				INFOPLIST_KEY_UIUserInterfaceStyle = Light;
				LD_RUNPATH_SEARCH_PATHS = (
					"$(inherited)",
					"@executable_path/Frameworks",
				);
				MARKETING_VERSION = 1.0.0;
				ONLY_ACTIVE_ARCH = YES;
				PRODUCT_BUNDLE_IDENTIFIER = com.woanjwuliauh.JoinZoeWalk;
				PRODUCT_NAME = "$(TARGET_NAME)";
				PROVISIONING_PROFILE_SPECIFIER = "";
				SWIFT_EMIT_LOC_STRINGS = YES;
				SWIFT_VERSION = 5.0;
				TARGETED_DEVICE_FAMILY = "1,2";
			};
			name = Debug;
		};
		6B868A35271B18B700965075 /* Release */ = {
			isa = XCBuildConfiguration;
			baseConfigurationReference = 526FB63C1D4621006C9AB735 /* Pods-WalkJourney.release.xcconfig */;
			buildSettings = {
				ASSETCATALOG_COMPILER_APPICON_NAME = AppIcon;
				ASSETCATALOG_COMPILER_GLOBAL_ACCENT_COLOR_NAME = AccentColor;
				ASSETCATALOG_COMPILER_INCLUDE_ALL_APPICON_ASSETS = NO;
				CODE_SIGN_ENTITLEMENTS = WalkJourney/WalkJourney.entitlements;
				CODE_SIGN_IDENTITY = "Apple Development";
				CODE_SIGN_STYLE = Automatic;
				CURRENT_PROJECT_VERSION = 4;
				DEVELOPMENT_TEAM = 35VS24D7UT;
				GENERATE_INFOPLIST_FILE = YES;
				INFOPLIST_FILE = WalkJourney/Info.plist;
				INFOPLIST_KEY_CFBundleDisplayName = WalkJourney;
				INFOPLIST_KEY_NSCameraUsageDescription = "欲儲存照片至您的相簿，請允許開啟相簿使用權限";
				INFOPLIST_KEY_NSLocationUsageDescription = "我們需要取用您的當前位置，以計算走路距離/時間/軌跡";
				INFOPLIST_KEY_NSLocationWhenInUseUsageDescription = "我們需要取用您的當前位置，以計算走路距離/時間/軌跡";
				INFOPLIST_KEY_NSMotionUsageDescription = "我們需要取用您的當前位置，以計算走路距離/時間/軌跡";
				INFOPLIST_KEY_NSPhotoLibraryUsageDescription = "欲儲存照片至您的相簿，請允許開啟相簿使用權限";
				INFOPLIST_KEY_UIApplicationSupportsIndirectInputEvents = YES;
				INFOPLIST_KEY_UILaunchStoryboardName = LaunchScreen;
				INFOPLIST_KEY_UIMainStoryboardFile = Main;
				INFOPLIST_KEY_UIRequiredDeviceCapabilities = "armv7 location-services";
				INFOPLIST_KEY_UISupportedInterfaceOrientations = UIInterfaceOrientationPortrait;
				INFOPLIST_KEY_UISupportedInterfaceOrientations_iPad = "UIInterfaceOrientationPortrait UIInterfaceOrientationPortraitUpsideDown UIInterfaceOrientationLandscapeLeft UIInterfaceOrientationLandscapeRight";
				INFOPLIST_KEY_UISupportedInterfaceOrientations_iPhone = "UIInterfaceOrientationPortrait UIInterfaceOrientationLandscapeLeft UIInterfaceOrientationLandscapeRight";
				INFOPLIST_KEY_UIUserInterfaceStyle = Light;
				LD_RUNPATH_SEARCH_PATHS = (
					"$(inherited)",
					"@executable_path/Frameworks",
				);
				MARKETING_VERSION = 1.0.0;
				PRODUCT_BUNDLE_IDENTIFIER = com.woanjwuliauh.JoinZoeWalk;
				PRODUCT_NAME = "$(TARGET_NAME)";
				PROVISIONING_PROFILE_SPECIFIER = "";
				SWIFT_EMIT_LOC_STRINGS = YES;
				SWIFT_VERSION = 5.0;
				TARGETED_DEVICE_FAMILY = "1,2";
			};
			name = Release;
		};
/* End XCBuildConfiguration section */

/* Begin XCConfigurationList section */
		6B868A1A271B18B400965075 /* Build configuration list for PBXProject "WalkJourney" */ = {
			isa = XCConfigurationList;
			buildConfigurations = (
				6B868A31271B18B700965075 /* Debug */,
				6B868A32271B18B700965075 /* Release */,
			);
			defaultConfigurationIsVisible = 0;
			defaultConfigurationName = Release;
		};
		6B868A33271B18B700965075 /* Build configuration list for PBXNativeTarget "WalkJourney" */ = {
			isa = XCConfigurationList;
			buildConfigurations = (
				6B868A34271B18B700965075 /* Debug */,
				6B868A35271B18B700965075 /* Release */,
			);
			defaultConfigurationIsVisible = 0;
			defaultConfigurationName = Release;
		};
/* End XCConfigurationList section */
	};
	rootObject = 6B868A17271B18B400965075 /* Project object */;
}
